
Microsoft Visual Studio Solution File, Format Version 12.00
Project("{FAE04EC0-301F-11D3-BF4B-00C04F79EFBC}") = "AuthWithJWT", "AuthWithJWT.csproj", "{C9AC842F-1408-4E32-9906-469741F6820E}"
EndProject
Global
	GlobalSection(SolutionConfigurationPlatforms) = preSolution
		Debug|Any CPU = Debug|Any CPU
		Release|Any CPU = Release|Any CPU
	EndGlobalSection
	GlobalSection(ProjectConfigurationPlatforms) = postSolution
		{C9AC842F-1408-4E32-9906-469741F6820E}.Debug|Any CPU.ActiveCfg = Debug|Any CPU
		{C9AC842F-1408-4E32-9906-469741F6820E}.Debug|Any CPU.Build.0 = Debug|Any CPU
		{C9AC842F-1408-4E32-9906-469741F6820E}.Release|Any CPU.ActiveCfg = Release|Any CPU
		{C9AC842F-1408-4E32-9906-469741F6820E}.Release|Any CPU.Build.0 = Release|Any CPU
	EndGlobalSection
EndGlobal
